
Microsoft Visual Studio Solution File, Format Version 12.00
# Visual Studio Version 17
VisualStudioVersion = 17.5.33627.172
MinimumVisualStudioVersion = 10.0.40219.1
Project("{FAE04EC0-301F-11D3-BF4B-00C04F79EFBC}") = "HotelMS", "HotelMS.csproj", "{EFA22C08-51A5-4854-87DC-3B1667B4D30E}"
EndProject
Project("{9A19103F-16F7-4668-BE54-9A1E7A4F7556}") = "TestProject", "TestProject\TestProject.csproj", "{A7DE7267-C14A-4D02-9CA1-95E02FCE1B03}"
EndProject
Project("{2150E333-8FDC-42A3-9474-1A3956D46DE8}") = "Solution Items", "Solution Items", "{C3649557-CD14-4D42-9A4C-6AA285A2FF28}"
	ProjectSection(SolutionItems) = preProject
		.editorconfig = .editorconfig
	EndProjectSection
EndProject
Global
	GlobalSection(SolutionConfigurationPlatforms) = preSolution
		Debug|Any CPU = Debug|Any CPU
		Release|Any CPU = Release|Any CPU
	EndGlobalSection
	GlobalSection(ProjectConfigurationPlatforms) = postSolution
		{EFA22C08-51A5-4854-87DC-3B1667B4D30E}.Debug|Any CPU.ActiveCfg = Debug|Any CPU
		{EFA22C08-51A5-4854-87DC-3B1667B4D30E}.Debug|Any CPU.Build.0 = Debug|Any CPU
		{EFA22C08-51A5-4854-87DC-3B1667B4D30E}.Release|Any CPU.ActiveCfg = Release|Any CPU
		{EFA22C08-51A5-4854-87DC-3B1667B4D30E}.Release|Any CPU.Build.0 = Release|Any CPU
		{A7DE7267-C14A-4D02-9CA1-95E02FCE1B03}.Debug|Any CPU.ActiveCfg = Debug|Any CPU
		{A7DE7267-C14A-4D02-9CA1-95E02FCE1B03}.Debug|Any CPU.Build.0 = Debug|Any CPU
		{A7DE7267-C14A-4D02-9CA1-95E02FCE1B03}.Release|Any CPU.ActiveCfg = Release|Any CPU
		{A7DE7267-C14A-4D02-9CA1-95E02FCE1B03}.Release|Any CPU.Build.0 = Release|Any CPU
	EndGlobalSection
	GlobalSection(SolutionProperties) = preSolution
		HideSolutionNode = FALSE
	EndGlobalSection
	GlobalSection(ExtensibilityGlobals) = postSolution
		SolutionGuid = {AAAAB9F6-D2F9-4BE6-8252-402E5817BEC2}
	EndGlobalSection
EndGlobal
